
Microsoft Visual Studio Solution File, Format Version 12.00
# Visual Studio Version 17
VisualStudioVersion = 17.13.35828.75
MinimumVisualStudioVersion = 10.0.40219.1
Project("{8BC9CEB8-8B4A-11D0-8D11-00A0C91BC942}") = "LabProject00", "LabProject00\LabProject00.vcxproj", "{6C8EE2FD-1B43-4780-8F54-B37988A6AA0E}"
EndProject
Project("{8BC9CEB8-8B4A-11D0-8D11-00A0C91BC942}") = "LabProject01", "LabProject01\LabProject01.vcxproj", "{994CCD21-D28D-4334-8522-2A84FC339BF6}"
EndProject
Project("{8BC9CEB8-8B4A-11D0-8D11-00A0C91BC942}") = "LabProject02", "LabProject02\LabProject02.vcxproj", "{D72FBE49-B762-45EF-AA9D-56421F20977E}"
EndProject
Project("{8BC9CEB8-8B4A-11D0-8D11-00A0C91BC942}") = "LabProject03", "LabProject03\LabProject03.vcxproj", "{EE0358D3-D998-422F-981B-C43D99D1D1B1}"
EndProject
Project("{8BC9CEB8-8B4A-11D0-8D11-00A0C91BC942}") = "LabProject04", "LabProject04\LabProject04.vcxproj", "{C0E8C821-2B93-4402-9641-08673AFDB6BF}"
EndProject
Project("{8BC9CEB8-8B4A-11D0-8D11-00A0C91BC942}") = "LabProject05", "LabProject05\LabProject05.vcxproj", "{B5717622-E4D0-463D-99F8-69793295CC7E}"
EndProject
Project("{8BC9CEB8-8B4A-11D0-8D11-00A0C91BC942}") = "LabProject05-01", "LabProject05-01\LabProject05-01.vcxproj", "{B7615D9A-A394-4DF7-B026-EABD19D504CA}"
EndProject
Project("{8BC9CEB8-8B4A-11D0-8D11-00A0C91BC942}") = "LabProject06", "LabProject06\LabProject06.vcxproj", "{58149E48-65DA-41DE-9D81-FFFA1F919E72}"
EndProject
Project("{8BC9CEB8-8B4A-11D0-8D11-00A0C91BC942}") = "LabProject07", "LabProject07\LabProject07.vcxproj", "{1FB2E470-5CCF-400A-A3BE-7E7EBDE2323B}"
EndProject
Project("{8BC9CEB8-8B4A-11D0-8D11-00A0C91BC942}") = "LabProject08", "LabProject08\LabProject08.vcxproj", "{1BEBCDB6-77A8-46E4-A1BB-4B8974819F1A}"
EndProject
Project("{8BC9CEB8-8B4A-11D0-8D11-00A0C91BC942}") = "LabProject09", "LabProject09\LabProject09.vcxproj", "{A8570C8A-14E8-4D53-8FB8-68A59513BD1A}"
EndProject
Project("{8BC9CEB8-8B4A-11D0-8D11-00A0C91BC942}") = "LabProject10", "LabProject10\LabProject10.vcxproj", "{366E22EF-8887-424D-A035-03385E1603C2}"
EndProject
Project("{8BC9CEB8-8B4A-11D0-8D11-00A0C91BC942}") = "LabProject11", "LabProject11\LabProject11.vcxproj", "{AA8082F6-B986-4B9C-9349-5E2A96ED6BFD}"
EndProject
Project("{8BC9CEB8-8B4A-11D0-8D11-00A0C91BC942}") = "LabProject12", "LabProject12\LabProject12.vcxproj", "{EFB0A1BB-9FB4-47D8-B92B-F6A39A2525BD}"
EndProject
Project("{8BC9CEB8-8B4A-11D0-8D11-00A0C91BC942}") = "LabProject13", "LabProject13\LabProject13.vcxproj", "{C29C67AC-6E90-43E5-AFEA-61F126D3D892}"
EndProject
Global
	GlobalSection(SolutionConfigurationPlatforms) = preSolution
		Debug|x64 = Debug|x64
		Debug|x86 = Debug|x86
		Release|x64 = Release|x64
		Release|x86 = Release|x86
	EndGlobalSection
	GlobalSection(ProjectConfigurationPlatforms) = postSolution
		{6C8EE2FD-1B43-4780-8F54-B37988A6AA0E}.Debug|x64.ActiveCfg = Debug|x64
		{6C8EE2FD-1B43-4780-8F54-B37988A6AA0E}.Debug|x64.Build.0 = Debug|x64
		{6C8EE2FD-1B43-4780-8F54-B37988A6AA0E}.Debug|x86.ActiveCfg = Debug|Win32
		{6C8EE2FD-1B43-4780-8F54-B37988A6AA0E}.Debug|x86.Build.0 = Debug|Win32
		{6C8EE2FD-1B43-4780-8F54-B37988A6AA0E}.Release|x64.ActiveCfg = Release|x64
		{6C8EE2FD-1B43-4780-8F54-B37988A6AA0E}.Release|x64.Build.0 = Release|x64
		{6C8EE2FD-1B43-4780-8F54-B37988A6AA0E}.Release|x86.ActiveCfg = Release|Win32
		{6C8EE2FD-1B43-4780-8F54-B37988A6AA0E}.Release|x86.Build.0 = Release|Win32
		{994CCD21-D28D-4334-8522-2A84FC339BF6}.Debug|x64.ActiveCfg = Debug|x64
		{994CCD21-D28D-4334-8522-2A84FC339BF6}.Debug|x64.Build.0 = Debug|x64
		{994CCD21-D28D-4334-8522-2A84FC339BF6}.Debug|x86.ActiveCfg = Debug|Win32
		{994CCD21-D28D-4334-8522-2A84FC339BF6}.Debug|x86.Build.0 = Debug|Win32
		{994CCD21-D28D-4334-8522-2A84FC339BF6}.Release|x64.ActiveCfg = Release|x64
		{994CCD21-D28D-4334-8522-2A84FC339BF6}.Release|x64.Build.0 = Release|x64
		{994CCD21-D28D-4334-8522-2A84FC339BF6}.Release|x86.ActiveCfg = Release|Win32
		{994CCD21-D28D-4334-8522-2A84FC339BF6}.Release|x86.Build.0 = Release|Win32
		{D72FBE49-B762-45EF-AA9D-56421F20977E}.Debug|x64.ActiveCfg = Debug|x64
		{D72FBE49-B762-45EF-AA9D-56421F20977E}.Debug|x64.Build.0 = Debug|x64
		{D72FBE49-B762-45EF-AA9D-56421F20977E}.Debug|x86.ActiveCfg = Debug|Win32
		{D72FBE49-B762-45EF-AA9D-56421F20977E}.Debug|x86.Build.0 = Debug|Win32
		{D72FBE49-B762-45EF-AA9D-56421F20977E}.Release|x64.ActiveCfg = Release|x64
		{D72FBE49-B762-45EF-AA9D-56421F20977E}.Release|x64.Build.0 = Release|x64
		{D72FBE49-B762-45EF-AA9D-56421F20977E}.Release|x86.ActiveCfg = Release|Win32
		{D72FBE49-B762-45EF-AA9D-56421F20977E}.Release|x86.Build.0 = Release|Win32
		{EE0358D3-D998-422F-981B-C43D99D1D1B1}.Debug|x64.ActiveCfg = Debug|x64
		{EE0358D3-D998-422F-981B-C43D99D1D1B1}.Debug|x64.Build.0 = Debug|x64
		{EE0358D3-D998-422F-981B-C43D99D1D1B1}.Debug|x86.ActiveCfg = Debug|Win32
		{EE0358D3-D998-422F-981B-C43D99D1D1B1}.Debug|x86.Build.0 = Debug|Win32
		{EE0358D3-D998-422F-981B-C43D99D1D1B1}.Release|x64.ActiveCfg = Release|x64
		{EE0358D3-D998-422F-981B-C43D99D1D1B1}.Release|x64.Build.0 = Release|x64
		{EE0358D3-D998-422F-981B-C43D99D1D1B1}.Release|x86.ActiveCfg = Release|Win32
		{EE0358D3-D998-422F-981B-C43D99D1D1B1}.Release|x86.Build.0 = Release|Win32
		{C0E8C821-2B93-4402-9641-08673AFDB6BF}.Debug|x64.ActiveCfg = Debug|x64
		{C0E8C821-2B93-4402-9641-08673AFDB6BF}.Debug|x64.Build.0 = Debug|x64
		{C0E8C821-2B93-4402-9641-08673AFDB6BF}.Debug|x86.ActiveCfg = Debug|Win32
		{C0E8C821-2B93-4402-9641-08673AFDB6BF}.Debug|x86.Build.0 = Debug|Win32
		{C0E8C821-2B93-4402-9641-08673AFDB6BF}.Release|x64.ActiveCfg = Release|x64
		{C0E8C821-2B93-4402-9641-08673AFDB6BF}.Release|x64.Build.0 = Release|x64
		{C0E8C821-2B93-4402-9641-08673AFDB6BF}.Release|x86.ActiveCfg = Release|Win32
		{C0E8C821-2B93-4402-9641-08673AFDB6BF}.Release|x86.Build.0 = Release|Win32
		{B5717622-E4D0-463D-99F8-69793295CC7E}.Debug|x64.ActiveCfg = Debug|x64
		{B5717622-E4D0-463D-99F8-69793295CC7E}.Debug|x64.Build.0 = Debug|x64
		{B5717622-E4D0-463D-99F8-69793295CC7E}.Debug|x86.ActiveCfg = Debug|Win32
		{B5717622-E4D0-463D-99F8-69793295CC7E}.Debug|x86.Build.0 = Debug|Win32
		{B5717622-E4D0-463D-99F8-69793295CC7E}.Release|x64.ActiveCfg = Release|x64
		{B5717622-E4D0-463D-99F8-69793295CC7E}.Release|x64.Build.0 = Release|x64
		{B5717622-E4D0-463D-99F8-69793295CC7E}.Release|x86.ActiveCfg = Release|Win32
		{B5717622-E4D0-463D-99F8-69793295CC7E}.Release|x86.Build.0 = Release|Win32
		{B7615D9A-A394-4DF7-B026-EABD19D504CA}.Debug|x64.ActiveCfg = Debug|x64
		{B7615D9A-A394-4DF7-B026-EABD19D504CA}.Debug|x64.Build.0 = Debug|x64
		{B7615D9A-A394-4DF7-B026-EABD19D504CA}.Debug|x86.ActiveCfg = Debug|Win32
		{B7615D9A-A394-4DF7-B026-EABD19D504CA}.Debug|x86.Build.0 = Debug|Win32
		{B7615D9A-A394-4DF7-B026-EABD19D504CA}.Release|x64.ActiveCfg = Release|x64
		{B7615D9A-A394-4DF7-B026-EABD19D504CA}.Release|x64.Build.0 = Release|x64
		{B7615D9A-A394-4DF7-B026-EABD19D504CA}.Release|x86.ActiveCfg = Release|Win32
		{B7615D9A-A394-4DF7-B026-EABD19D504CA}.Release|x86.Build.0 = Release|Win32
		{58149E48-65DA-41DE-9D81-FFFA1F919E72}.Debug|x64.ActiveCfg = Debug|x64
		{58149E48-65DA-41DE-9D81-FFFA1F919E72}.Debug|x64.Build.0 = Debug|x64
		{58149E48-65DA-41DE-9D81-FFFA1F919E72}.Debug|x86.ActiveCfg = Debug|Win32
		{58149E48-65DA-41DE-9D81-FFFA1F919E72}.Debug|x86.Build.0 = Debug|Win32
		{58149E48-65DA-41DE-9D81-FFFA1F919E72}.Release|x64.ActiveCfg = Release|x64
		{58149E48-65DA-41DE-9D81-FFFA1F919E72}.Release|x64.Build.0 = Release|x64
		{58149E48-65DA-41DE-9D81-FFFA1F919E72}.Release|x86.ActiveCfg = Release|Win32
		{58149E48-65DA-41DE-9D81-FFFA1F919E72}.Release|x86.Build.0 = Release|Win32
		{1FB2E470-5CCF-400A-A3BE-7E7EBDE2323B}.Debug|x64.ActiveCfg = Debug|x64
		{1FB2E470-5CCF-400A-A3BE-7E7EBDE2323B}.Debug|x64.Build.0 = Debug|x64
		{1FB2E470-5CCF-400A-A3BE-7E7EBDE2323B}.Debug|x86.ActiveCfg = Debug|Win32
		{1FB2E470-5CCF-400A-A3BE-7E7EBDE2323B}.Debug|x86.Build.0 = Debug|Win32
		{1FB2E470-5CCF-400A-A3BE-7E7EBDE2323B}.Release|x64.ActiveCfg = Release|x64
		{1FB2E470-5CCF-400A-A3BE-7E7EBDE2323B}.Release|x64.Build.0 = Release|x64
		{1FB2E470-5CCF-400A-A3BE-7E7EBDE2323B}.Release|x86.ActiveCfg = Release|Win32
		{1FB2E470-5CCF-400A-A3BE-7E7EBDE2323B}.Release|x86.Build.0 = Release|Win32
		{1BEBCDB6-77A8-46E4-A1BB-4B8974819F1A}.Debug|x64.ActiveCfg = Debug|x64
		{1BEBCDB6-77A8-46E4-A1BB-4B8974819F1A}.Debug|x64.Build.0 = Debug|x64
		{1BEBCDB6-77A8-46E4-A1BB-4B8974819F1A}.Debug|x86.ActiveCfg = Debug|Win32
		{1BEBCDB6-77A8-46E4-A1BB-4B8974819F1A}.Debug|x86.Build.0 = Debug|Win32
		{1BEBCDB6-77A8-46E4-A1BB-4B8974819F1A}.Release|x64.ActiveCfg = Release|x64
		{1BEBCDB6-77A8-46E4-A1BB-4B8974819F1A}.Release|x64.Build.0 = Release|x64
		{1BEBCDB6-77A8-46E4-A1BB-4B8974819F1A}.Release|x86.ActiveCfg = Release|Win32
		{1BEBCDB6-77A8-46E4-A1BB-4B8974819F1A}.Release|x86.Build.0 = Release|Win32
		{A8570C8A-14E8-4D53-8FB8-68A59513BD1A}.Debug|x64.ActiveCfg = Debug|x64
		{A8570C8A-14E8-4D53-8FB8-68A59513BD1A}.Debug|x64.Build.0 = Debug|x64
		{A8570C8A-14E8-4D53-8FB8-68A59513BD1A}.Debug|x86.ActiveCfg = Debug|Win32
		{A8570C8A-14E8-4D53-8FB8-68A59513BD1A}.Debug|x86.Build.0 = Debug|Win32
		{A8570C8A-14E8-4D53-8FB8-68A59513BD1A}.Release|x64.ActiveCfg = Release|x64
		{A8570C8A-14E8-4D53-8FB8-68A59513BD1A}.Release|x64.Build.0 = Release|x64
		{A8570C8A-14E8-4D53-8FB8-68A59513BD1A}.Release|x86.ActiveCfg = Release|Win32
		{A8570C8A-14E8-4D53-8FB8-68A59513BD1A}.Release|x86.Build.0 = Release|Win32
		{366E22EF-8887-424D-A035-03385E1603C2}.Debug|x64.ActiveCfg = Debug|x64
		{366E22EF-8887-424D-A035-03385E1603C2}.Debug|x64.Build.0 = Debug|x64
		{366E22EF-8887-424D-A035-03385E1603C2}.Debug|x86.ActiveCfg = Debug|Win32
		{366E22EF-8887-424D-A035-03385E1603C2}.Debug|x86.Build.0 = Debug|Win32
		{366E22EF-8887-424D-A035-03385E1603C2}.Release|x64.ActiveCfg = Release|x64
		{366E22EF-8887-424D-A035-03385E1603C2}.Release|x64.Build.0 = Release|x64
		{366E22EF-8887-424D-A035-03385E1603C2}.Release|x86.ActiveCfg = Release|Win32
		{366E22EF-8887-424D-A035-03385E1603C2}.Release|x86.Build.0 = Release|Win32
		{AA8082F6-B986-4B9C-9349-5E2A96ED6BFD}.Debug|x64.ActiveCfg = Debug|x64
		{AA8082F6-B986-4B9C-9349-5E2A96ED6BFD}.Debug|x64.Build.0 = Debug|x64
		{AA8082F6-B986-4B9C-9349-5E2A96ED6BFD}.Debug|x86.ActiveCfg = Debug|Win32
		{AA8082F6-B986-4B9C-9349-5E2A96ED6BFD}.Debug|x86.Build.0 = Debug|Win32
		{AA8082F6-B986-4B9C-9349-5E2A96ED6BFD}.Release|x64.ActiveCfg = Release|x64
		{AA8082F6-B986-4B9C-9349-5E2A96ED6BFD}.Release|x64.Build.0 = Release|x64
		{AA8082F6-B986-4B9C-9349-5E2A96ED6BFD}.Release|x86.ActiveCfg = Release|Win32
		{AA8082F6-B986-4B9C-9349-5E2A96ED6BFD}.Release|x86.Build.0 = Release|Win32
		{EFB0A1BB-9FB4-47D8-B92B-F6A39A2525BD}.Debug|x64.ActiveCfg = Debug|x64
		{EFB0A1BB-9FB4-47D8-B92B-F6A39A2525BD}.Debug|x64.Build.0 = Debug|x64
		{EFB0A1BB-9FB4-47D8-B92B-F6A39A2525BD}.Debug|x86.ActiveCfg = Debug|Win32
		{EFB0A1BB-9FB4-47D8-B92B-F6A39A2525BD}.Debug|x86.Build.0 = Debug|Win32
		{EFB0A1BB-9FB4-47D8-B92B-F6A39A2525BD}.Release|x64.ActiveCfg = Release|x64
		{EFB0A1BB-9FB4-47D8-B92B-F6A39A2525BD}.Release|x64.Build.0 = Release|x64
		{EFB0A1BB-9FB4-47D8-B92B-F6A39A2525BD}.Release|x86.ActiveCfg = Release|Win32
		{EFB0A1BB-9FB4-47D8-B92B-F6A39A2525BD}.Release|x86.Build.0 = Release|Win32
		{C29C67AC-6E90-43E5-AFEA-61F126D3D892}.Debug|x64.ActiveCfg = Debug|x64
		{C29C67AC-6E90-43E5-AFEA-61F126D3D892}.Debug|x64.Build.0 = Debug|x64
		{C29C67AC-6E90-43E5-AFEA-61F126D3D892}.Debug|x86.ActiveCfg = Debug|Win32
		{C29C67AC-6E90-43E5-AFEA-61F126D3D892}.Debug|x86.Build.0 = Debug|Win32
		{C29C67AC-6E90-43E5-AFEA-61F126D3D892}.Release|x64.ActiveCfg = Release|x64
		{C29C67AC-6E90-43E5-AFEA-61F126D3D892}.Release|x64.Build.0 = Release|x64
		{C29C67AC-6E90-43E5-AFEA-61F126D3D892}.Release|x86.ActiveCfg = Release|Win32
		{C29C67AC-6E90-43E5-AFEA-61F126D3D892}.Release|x86.Build.0 = Release|Win32
	EndGlobalSection
	GlobalSection(SolutionProperties) = preSolution
		HideSolutionNode = FALSE
	EndGlobalSection
	GlobalSection(ExtensibilityGlobals) = postSolution
		SolutionGuid = {FB2B974E-38D1-4D83-A344-685C87E04F73}
	EndGlobalSection
EndGlobal
