
Microsoft Visual Studio Solution File, Format Version 12.00
# Visual Studio Version 17
VisualStudioVersion = 17.13.35931.197 d17.13
MinimumVisualStudioVersion = 10.0.40219.1
Project("{8BC9CEB8-8B4A-11D0-8D11-00A0C91BC942}") = "2022184015_김해님_숙제3", "2022184015_김해님_숙제3.vcxproj", "{3DEA8A6C-84A4-4744-8080-FAA38AD4AF1E}"
EndProject
Global
	GlobalSection(SolutionConfigurationPlatforms) = preSolution
		Debug|x64 = Debug|x64
		Debug|x86 = Debug|x86
		Release|x64 = Release|x64
		Release|x86 = Release|x86
	EndGlobalSection
	GlobalSection(ProjectConfigurationPlatforms) = postSolution
		{3DEA8A6C-84A4-4744-8080-FAA38AD4AF1E}.Debug|x64.ActiveCfg = Debug|x64
		{3DEA8A6C-84A4-4744-8080-FAA38AD4AF1E}.Debug|x64.Build.0 = Debug|x64
		{3DEA8A6C-84A4-4744-8080-FAA38AD4AF1E}.Debug|x86.ActiveCfg = Debug|Win32
		{3DEA8A6C-84A4-4744-8080-FAA38AD4AF1E}.Debug|x86.Build.0 = Debug|Win32
		{3DEA8A6C-84A4-4744-8080-FAA38AD4AF1E}.Release|x64.ActiveCfg = Release|x64
		{3DEA8A6C-84A4-4744-8080-FAA38AD4AF1E}.Release|x64.Build.0 = Release|x64
		{3DEA8A6C-84A4-4744-8080-FAA38AD4AF1E}.Release|x86.ActiveCfg = Release|Win32
		{3DEA8A6C-84A4-4744-8080-FAA38AD4AF1E}.Release|x86.Build.0 = Release|Win32
	EndGlobalSection
	GlobalSection(SolutionProperties) = preSolution
		HideSolutionNode = FALSE
	EndGlobalSection
	GlobalSection(ExtensibilityGlobals) = postSolution
		SolutionGuid = {C26A0A41-0D8F-44C6-BC2A-0C52979320D4}
	EndGlobalSection
EndGlobal
